
Microsoft Visual Studio Solution File, Format Version 12.00
# Visual Studio Version 17
VisualStudioVersion = 17.4.33213.308
MinimumVisualStudioVersion = 10.0.40219.1
Project("{FAE04EC0-301F-11D3-BF4B-00C04F79EFBC}") = "ToDo.API", "ToDo.API\ToDo.API.csproj", "{ECEDFD44-D151-434E-9831-5EC6C4F640C1}"
EndProject
Project("{FAE04EC0-301F-11D3-BF4B-00C04F79EFBC}") = "ToDo.Core", "ToDo.Core\ToDo.Core.csproj", "{9831DF21-2404-4545-B972-088229C175A9}"
EndProject
Project("{FAE04EC0-301F-11D3-BF4B-00C04F79EFBC}") = "ToDo.Infrastructure", "ToDo.Infrastructure\ToDo.Infrastructure.csproj", "{3C19C7C1-0C75-4239-AB56-132CD93F60F5}"
EndProject
Global
	GlobalSection(SolutionConfigurationPlatforms) = preSolution
		Debug|Any CPU = Debug|Any CPU
		Release|Any CPU = Release|Any CPU
	EndGlobalSection
	GlobalSection(ProjectConfigurationPlatforms) = postSolution
		{ECEDFD44-D151-434E-9831-5EC6C4F640C1}.Debug|Any CPU.ActiveCfg = Debug|Any CPU
		{ECEDFD44-D151-434E-9831-5EC6C4F640C1}.Debug|Any CPU.Build.0 = Debug|Any CPU
		{ECEDFD44-D151-434E-9831-5EC6C4F640C1}.Release|Any CPU.ActiveCfg = Release|Any CPU
		{ECEDFD44-D151-434E-9831-5EC6C4F640C1}.Release|Any CPU.Build.0 = Release|Any CPU
		{9831DF21-2404-4545-B972-088229C175A9}.Debug|Any CPU.ActiveCfg = Debug|Any CPU
		{9831DF21-2404-4545-B972-088229C175A9}.Debug|Any CPU.Build.0 = Debug|Any CPU
		{9831DF21-2404-4545-B972-088229C175A9}.Release|Any CPU.ActiveCfg = Release|Any CPU
		{9831DF21-2404-4545-B972-088229C175A9}.Release|Any CPU.Build.0 = Release|Any CPU
		{3C19C7C1-0C75-4239-AB56-132CD93F60F5}.Debug|Any CPU.ActiveCfg = Debug|Any CPU
		{3C19C7C1-0C75-4239-AB56-132CD93F60F5}.Debug|Any CPU.Build.0 = Debug|Any CPU
		{3C19C7C1-0C75-4239-AB56-132CD93F60F5}.Release|Any CPU.ActiveCfg = Release|Any CPU
		{3C19C7C1-0C75-4239-AB56-132CD93F60F5}.Release|Any CPU.Build.0 = Release|Any CPU
	EndGlobalSection
	GlobalSection(SolutionProperties) = preSolution
		HideSolutionNode = FALSE
	EndGlobalSection
	GlobalSection(ExtensibilityGlobals) = postSolution
		SolutionGuid = {92B0C2FF-E10B-4582-90EC-597A8D7DF3C6}
	EndGlobalSection
EndGlobal
